// !$*UTF8*$!
{
	archiveVersion = 1;
	classes = {
	};
	objectVersion = 55;
	objects = {

/* Begin PBXBuildFile section */
		BD597BCD28A3F81700B6810D /* AppDelegate.swift in Sources */ = {isa = PBXBuildFile; fileRef = BD597BCC28A3F81700B6810D /* AppDelegate.swift */; };
		BD597BCF28A3F81700B6810D /* SceneDelegate.swift in Sources */ = {isa = PBXBuildFile; fileRef = BD597BCE28A3F81700B6810D /* SceneDelegate.swift */; };
		BD597BD128A3F81700B6810D /* ViewController.swift in Sources */ = {isa = PBXBuildFile; fileRef = BD597BD028A3F81700B6810D /* ViewController.swift */; };
		BD597BD428A3F81700B6810D /* Main.storyboard in Resources */ = {isa = PBXBuildFile; fileRef = BD597BD228A3F81700B6810D /* Main.storyboard */; };
		BD597BD728A3F81700B6810D /* Demo.xcdatamodeld in Sources */ = {isa = PBXBuildFile; fileRef = BD597BD528A3F81700B6810D /* Demo.xcdatamodeld */; };
		BD597BD928A3F81900B6810D /* Assets.xcassets in Resources */ = {isa = PBXBuildFile; fileRef = BD597BD828A3F81900B6810D /* Assets.xcassets */; };
		BD597BDC28A3F81900B6810D /* LaunchScreen.storyboard in Resources */ = {isa = PBXBuildFile; fileRef = BD597BDA28A3F81900B6810D /* LaunchScreen.storyboard */; };
		BD597BE728A3F81900B6810D /* DemoTests.swift in Sources */ = {isa = PBXBuildFile; fileRef = BD597BE628A3F81900B6810D /* DemoTests.swift */; };
		BD597BF128A3F81900B6810D /* DemoUITests.swift in Sources */ = {isa = PBXBuildFile; fileRef = BD597BF028A3F81900B6810D /* DemoUITests.swift */; };
		BD597BF328A3F81900B6810D /* DemoUITestsLaunchTests.swift in Sources */ = {isa = PBXBuildFile; fileRef = BD597BF228A3F81900B6810D /* DemoUITestsLaunchTests.swift */; };
/* End PBXBuildFile section */

/* Begin PBXContainerItemProxy section */
		BD597BE328A3F81900B6810D /* PBXContainerItemProxy */ = {
			isa = PBXContainerItemProxy;
			containerPortal = BD597BC128A3F81700B6810D /* Project object */;
			proxyType = 1;
			remoteGlobalIDString = BD597BC828A3F81700B6810D;
			remoteInfo = Demo;
		};
		BD597BED28A3F81900B6810D /* PBXContainerItemProxy */ = {
			isa = PBXContainerItemProxy;
			containerPortal = BD597BC128A3F81700B6810D /* Project object */;
			proxyType = 1;
			remoteGlobalIDString = BD597BC828A3F81700B6810D;
			remoteInfo = Demo;
		};
/* End PBXContainerItemProxy section */

/* Begin PBXFileReference section */
		BD597BC928A3F81700B6810D /* Demo.app */ = {isa = PBXFileReference; explicitFileType = wrapper.application; includeInIndex = 0; path = Demo.app; sourceTree = BUILT_PRODUCTS_DIR; };
		BD597BCC28A3F81700B6810D /* AppDelegate.swift */ = {isa = PBXFileReference; lastKnownFileType = sourcecode.swift; path = AppDelegate.swift; sourceTree = "<group>"; };
		BD597BCE28A3F81700B6810D /* SceneDelegate.swift */ = {isa = PBXFileReference; lastKnownFileType = sourcecode.swift; path = SceneDelegate.swift; sourceTree = "<group>"; };
		BD597BD028A3F81700B6810D /* ViewController.swift */ = {isa = PBXFileReference; lastKnownFileType = sourcecode.swift; path = ViewController.swift; sourceTree = "<group>"; };
		BD597BD328A3F81700B6810D /* Base */ = {isa = PBXFileReference; lastKnownFileType = file.storyboard; name = Base; path = Base.lproj/Main.storyboard; sourceTree = "<group>"; };
		BD597BD628A3F81700B6810D /* Demo.xcdatamodel */ = {isa = PBXFileReference; lastKnownFileType = wrapper.xcdatamodel; path = Demo.xcdatamodel; sourceTree = "<group>"; };
		BD597BD828A3F81900B6810D /* Assets.xcassets */ = {isa = PBXFileReference; lastKnownFileType = folder.assetcatalog; path = Assets.xcassets; sourceTree = "<group>"; };
		BD597BDB28A3F81900B6810D /* Base */ = {isa = PBXFileReference; lastKnownFileType = file.storyboard; name = Base; path = Base.lproj/LaunchScreen.storyboard; sourceTree = "<group>"; };
		BD597BDD28A3F81900B6810D /* Info.plist */ = {isa = PBXFileReference; lastKnownFileType = text.plist.xml; path = Info.plist; sourceTree = "<group>"; };
		BD597BE228A3F81900B6810D /* DemoTests.xctest */ = {isa = PBXFileReference; explicitFileType = wrapper.cfbundle; includeInIndex = 0; path = DemoTests.xctest; sourceTree = BUILT_PRODUCTS_DIR; };
		BD597BE628A3F81900B6810D /* DemoTests.swift */ = {isa = PBXFileReference; lastKnownFileType = sourcecode.swift; path = DemoTests.swift; sourceTree = "<group>"; };
		BD597BEC28A3F81900B6810D /* DemoUITests.xctest */ = {isa = PBXFileReference; explicitFileType = wrapper.cfbundle; includeInIndex = 0; path = DemoUITests.xctest; sourceTree = BUILT_PRODUCTS_DIR; };
		BD597BF028A3F81900B6810D /* DemoUITests.swift */ = {isa = PBXFileReference; lastKnownFileType = sourcecode.swift; path = DemoUITests.swift; sourceTree = "<group>"; };
		BD597BF228A3F81900B6810D /* DemoUITestsLaunchTests.swift */ = {isa = PBXFileReference; lastKnownFileType = sourcecode.swift; path = DemoUITestsLaunchTests.swift; sourceTree = "<group>"; };
/* End PBXFileReference section */

/* Begin PBXFrameworksBuildPhase section */
		BD597BC628A3F81700B6810D /* Frameworks */ = {
			isa = PBXFrameworksBuildPhase;
			buildActionMask = 2147483647;
			files = (
			);
			runOnlyForDeploymentPostprocessing = 0;
		};
		BD597BDF28A3F81900B6810D /* Frameworks */ = {
			isa = PBXFrameworksBuildPhase;
			buildActionMask = 2147483647;
			files = (
			);
			runOnlyForDeploymentPostprocessing = 0;
		};
		BD597BE928A3F81900B6810D /* Frameworks */ = {
			isa = PBXFrameworksBuildPhase;
			buildActionMask = 2147483647;
			files = (
			);
			runOnlyForDeploymentPostprocessing = 0;
		};
/* End PBXFrameworksBuildPhase section */

/* Begin PBXGroup section */
		BD597BC028A3F81700B6810D = {
			isa = PBXGroup;
			children = (
				BD597BCB28A3F81700B6810D /* Demo */,
				BD597BE528A3F81900B6810D /* DemoTests */,
				BD597BEF28A3F81900B6810D /* DemoUITests */,
				BD597BCA28A3F81700B6810D /* Products */,
			);
			sourceTree = "<group>";
		};
		BD597BCA28A3F81700B6810D /* Products */ = {
			isa = PBXGroup;
			children = (
				BD597BC928A3F81700B6810D /* Demo.app */,
				BD597BE228A3F81900B6810D /* DemoTests.xctest */,
				BD597BEC28A3F81900B6810D /* DemoUITests.xctest */,
			);
			name = Products;
			sourceTree = "<group>";
		};
		BD597BCB28A3F81700B6810D /* Demo */ = {
			isa = PBXGroup;
			children = (
				BD597BCC28A3F81700B6810D /* AppDelegate.swift */,
				BD597BCE28A3F81700B6810D /* SceneDelegate.swift */,
				BD597BD028A3F81700B6810D /* ViewController.swift */,
				BD597BD228A3F81700B6810D /* Main.storyboard */,
				BD597BD828A3F81900B6810D /* Assets.xcassets */,
				BD597BDA28A3F81900B6810D /* LaunchScreen.storyboard */,
				BD597BDD28A3F81900B6810D /* Info.plist */,
				BD597BD528A3F81700B6810D /* Demo.xcdatamodeld */,
			);
			path = Demo;
			sourceTree = "<group>";
		};
		BD597BE528A3F81900B6810D /* DemoTests */ = {
			isa = PBXGroup;
			children = (
				BD597BE628A3F81900B6810D /* DemoTests.swift */,
			);
			path = DemoTests;
			sourceTree = "<group>";
		};
		BD597BEF28A3F81900B6810D /* DemoUITests */ = {
			isa = PBXGroup;
			children = (
				BD597BF028A3F81900B6810D /* DemoUITests.swift */,
				BD597BF228A3F81900B6810D /* DemoUITestsLaunchTests.swift */,
			);
			path = DemoUITests;
			sourceTree = "<group>";
		};
/* End PBXGroup section */

/* Begin PBXNativeTarget section */
		BD597BC828A3F81700B6810D /* Demo */ = {
			isa = PBXNativeTarget;
			buildConfigurationList = BD597BF628A3F81900B6810D /* Build configuration list for PBXNativeTarget "Demo" */;
			buildPhases = (
				BD597BC528A3F81700B6810D /* Sources */,
				BD597BC628A3F81700B6810D /* Frameworks */,
				BD597BC728A3F81700B6810D /* Resources */,
			);
			buildRules = (
			);
			dependencies = (
			);
			name = Demo;
			productName = Demo;
			productReference = BD597BC928A3F81700B6810D /* Demo.app */;
			productType = "com.apple.product-type.application";
		};
		BD597BE128A3F81900B6810D /* DemoTests */ = {
			isa = PBXNativeTarget;
			buildConfigurationList = BD597BF928A3F81900B6810D /* Build configuration list for PBXNativeTarget "DemoTests" */;
			buildPhases = (
				BD597BDE28A3F81900B6810D /* Sources */,
				BD597BDF28A3F81900B6810D /* Frameworks */,
				BD597BE028A3F81900B6810D /* Resources */,
			);
			buildRules = (
			);
			dependencies = (
				BD597BE428A3F81900B6810D /* PBXTargetDependency */,
			);
			name = DemoTests;
			productName = DemoTests;
			productReference = BD597BE228A3F81900B6810D /* DemoTests.xctest */;
			productType = "com.apple.product-type.bundle.unit-test";
		};
		BD597BEB28A3F81900B6810D /* DemoUITests */ = {
			isa = PBXNativeTarget;
			buildConfigurationList = BD597BFC28A3F81900B6810D /* Build configuration list for PBXNativeTarget "DemoUITests" */;
			buildPhases = (
				BD597BE828A3F81900B6810D /* Sources */,
				BD597BE928A3F81900B6810D /* Frameworks */,
				BD597BEA28A3F81900B6810D /* Resources */,
			);
			buildRules = (
			);
			dependencies = (
				BD597BEE28A3F81900B6810D /* PBXTargetDependency */,
			);
			name = DemoUITests;
			productName = DemoUITests;
			productReference = BD597BEC28A3F81900B6810D /* DemoUITests.xctest */;
			productType = "com.apple.product-type.bundle.ui-testing";
		};
/* End PBXNativeTarget section */

/* Begin PBXProject section */
		BD597BC128A3F81700B6810D /* Project object */ = {
			isa = PBXProject;
			attributes = {
				BuildIndependentTargetsInParallel = 1;
				LastSwiftUpdateCheck = 1340;
				LastUpgradeCheck = 1340;
				TargetAttributes = {
					BD597BC828A3F81700B6810D = {
						CreatedOnToolsVersion = 13.4.1;
					};
					BD597BE128A3F81900B6810D = {
						CreatedOnToolsVersion = 13.4.1;
						TestTargetID = BD597BC828A3F81700B6810D;
					};
					BD597BEB28A3F81900B6810D = {
						CreatedOnToolsVersion = 13.4.1;
						TestTargetID = BD597BC828A3F81700B6810D;
					};
				};
			};
			buildConfigurationList = BD597BC428A3F81700B6810D /* Build configuration list for PBXProject "Demo" */;
			compatibilityVersion = "Xcode 13.0";
			developmentRegion = en;
			hasScannedForEncodings = 0;
			knownRegions = (
				en,
				Base,
			);
			mainGroup = BD597BC028A3F81700B6810D;
			productRefGroup = BD597BCA28A3F81700B6810D /* Products */;
			projectDirPath = "";
			projectRoot = "";
			targets = (
				BD597BC828A3F81700B6810D /* Demo */,
				BD597BE128A3F81900B6810D /* DemoTests */,
				BD597BEB28A3F81900B6810D /* DemoUITests */,
			);
		};
/* End PBXProject section */

/* Begin PBXResourcesBuildPhase section */
		BD597BC728A3F81700B6810D /* Resources */ = {
			isa = PBXResourcesBuildPhase;
			buildActionMask = 2147483647;
			files = (
				BD597BDC28A3F81900B6810D /* LaunchScreen.storyboard in Resources */,
				BD597BD928A3F81900B6810D /* Assets.xcassets in Resources */,
				BD597BD428A3F81700B6810D /* Main.storyboard in Resources */,
			);
			runOnlyForDeploymentPostprocessing = 0;
		};
		BD597BE028A3F81900B6810D /* Resources */ = {
			isa = PBXResourcesBuildPhase;
			buildActionMask = 2147483647;
			files = (
			);
			runOnlyForDeploymentPostprocessing = 0;
		};
		BD597BEA28A3F81900B6810D /* Resources */ = {
			isa = PBXResourcesBuildPhase;
			buildActionMask = 2147483647;
			files = (
			);
			runOnlyForDeploymentPostprocessing = 0;
		};
/* End PBXResourcesBuildPhase section */

/* Begin PBXSourcesBuildPhase section */
		BD597BC528A3F81700B6810D /* Sources */ = {
			isa = PBXSourcesBuildPhase;
			buildActionMask = 2147483647;
			files = (
				BD597BD128A3F81700B6810D /* ViewController.swift in Sources */,
				BD597BCD28A3F81700B6810D /* AppDelegate.swift in Sources */,
				BD597BD728A3F81700B6810D /* Demo.xcdatamodeld in Sources */,
				BD597BCF28A3F81700B6810D /* SceneDelegate.swift in Sources */,
			);
			runOnlyForDeploymentPostprocessing = 0;
		};
		BD597BDE28A3F81900B6810D /* Sources */ = {
			isa = PBXSourcesBuildPhase;
			buildActionMask = 2147483647;
			files = (
				BD597BE728A3F81900B6810D /* DemoTests.swift in Sources */,
			);
			runOnlyForDeploymentPostprocessing = 0;
		};
		BD597BE828A3F81900B6810D /* Sources */ = {
			isa = PBXSourcesBuildPhase;
			buildActionMask = 2147483647;
			files = (
				BD597BF128A3F81900B6810D /* DemoUITests.swift in Sources */,
				BD597BF328A3F81900B6810D /* DemoUITestsLaunchTests.swift in Sources */,
			);
			runOnlyForDeploymentPostprocessing = 0;
		};
/* End PBXSourcesBuildPhase section */

/* Begin PBXTargetDependency section */
		BD597BE428A3F81900B6810D /* PBXTargetDependency */ = {
			isa = PBXTargetDependency;
			target = BD597BC828A3F81700B6810D /* Demo */;
			targetProxy = BD597BE328A3F81900B6810D /* PBXContainerItemProxy */;
		};
		BD597BEE28A3F81900B6810D /* PBXTargetDependency */ = {
			isa = PBXTargetDependency;
			target = BD597BC828A3F81700B6810D /* Demo */;
			targetProxy = BD597BED28A3F81900B6810D /* PBXContainerItemProxy */;
		};
/* End PBXTargetDependency section */

/* Begin PBXVariantGroup section */
		BD597BD228A3F81700B6810D /* Main.storyboard */ = {
			isa = PBXVariantGroup;
			children = (
				BD597BD328A3F81700B6810D /* Base */,
			);
			name = Main.storyboard;
			sourceTree = "<group>";
		};
		BD597BDA28A3F81900B6810D /* LaunchScreen.storyboard */ = {
			isa = PBXVariantGroup;
			children = (
				BD597BDB28A3F81900B6810D /* Base */,
			);
			name = LaunchScreen.storyboard;
			sourceTree = "<group>";
		};
/* End PBXVariantGroup section */

/* Begin XCBuildConfiguration section */
		BD597BF428A3F81900B6810D /* Debug */ = {
			isa = XCBuildConfiguration;
			buildSettings = {
				ALWAYS_SEARCH_USER_PATHS = NO;
				CLANG_ANALYZER_NONNULL = YES;
				CLANG_ANALYZER_NUMBER_OBJECT_CONVERSION = YES_AGGRESSIVE;
				CLANG_CXX_LANGUAGE_STANDARD = "gnu++17";
				CLANG_ENABLE_MODULES = YES;
				CLANG_ENABLE_OBJC_ARC = YES;
				CLANG_ENABLE_OBJC_WEAK = YES;
				CLANG_WARN_BLOCK_CAPTURE_AUTORELEASING = YES;
				CLANG_WARN_BOOL_CONVERSION = YES;
				CLANG_WARN_COMMA = YES;
				CLANG_WARN_CONSTANT_CONVERSION = YES;
				CLANG_WARN_DEPRECATED_OBJC_IMPLEMENTATIONS = YES;
				CLANG_WARN_DIRECT_OBJC_ISA_USAGE = YES_ERROR;
				CLANG_WARN_DOCUMENTATION_COMMENTS = YES;
				CLANG_WARN_EMPTY_BODY = YES;
				CLANG_WARN_ENUM_CONVERSION = YES;
				CLANG_WARN_INFINITE_RECURSION = YES;
				CLANG_WARN_INT_CONVERSION = YES;
				CLANG_WARN_NON_LITERAL_NULL_CONVERSION = YES;
				CLANG_WARN_OBJC_IMPLICIT_RETAIN_SELF = YES;
				CLANG_WARN_OBJC_LITERAL_CONVERSION = YES;
				CLANG_WARN_OBJC_ROOT_CLASS = YES_ERROR;
				CLANG_WARN_QUOTED_INCLUDE_IN_FRAMEWORK_HEADER = YES;
				CLANG_WARN_RANGE_LOOP_ANALYSIS = YES;
				CLANG_WARN_STRICT_PROTOTYPES = YES;
				CLANG_WARN_SUSPICIOUS_MOVE = YES;
				CLANG_WARN_UNGUARDED_AVAILABILITY = YES_AGGRESSIVE;
				CLANG_WARN_UNREACHABLE_CODE = YES;
				CLANG_WARN__DUPLICATE_METHOD_MATCH = YES;
				COPY_PHASE_STRIP = NO;
				DEBUG_INFORMATION_FORMAT = dwarf;
				ENABLE_STRICT_OBJC_MSGSEND = YES;
				ENABLE_TESTABILITY = YES;
				GCC_C_LANGUAGE_STANDARD = gnu11;
				GCC_DYNAMIC_NO_PIC = NO;
				GCC_NO_COMMON_BLOCKS = YES;
				GCC_OPTIMIZATION_LEVEL = 0;
				GCC_PREPROCESSOR_DEFINITIONS = (
					"DEBUG=1",
					"$(inherited)",
				);
				GCC_WARN_64_TO_32_BIT_CONVERSION = YES;
				GCC_WARN_ABOUT_RETURN_TYPE = YES_ERROR;
				GCC_WARN_UNDECLARED_SELECTOR = YES;
				GCC_WARN_UNINITIALIZED_AUTOS = YES_AGGRESSIVE;
				GCC_WARN_UNUSED_FUNCTION = YES;
				GCC_WARN_UNUSED_VARIABLE = YES;
				IPHONEOS_DEPLOYMENT_TARGET = 15.5;
				MTL_ENABLE_DEBUG_INFO = INCLUDE_SOURCE;
				MTL_FAST_MATH = YES;
				ONLY_ACTIVE_ARCH = YES;
				SDKROOT = iphoneos;
				SWIFT_ACTIVE_COMPILATION_CONDITIONS = DEBUG;
				SWIFT_OPTIMIZATION_LEVEL = "-Onone";
			};
			name = Debug;
		};
		BD597BF528A3F81900B6810D /* Release */ = {
			isa = XCBuildConfiguration;
			buildSettings = {
				ALWAYS_SEARCH_USER_PATHS = NO;
				CLANG_ANALYZER_NONNULL = YES;
				CLANG_ANALYZER_NUMBER_OBJECT_CONVERSION = YES_AGGRESSIVE;
				CLANG_CXX_LANGUAGE_STANDARD = "gnu++17";
				CLANG_ENABLE_MODULES = YES;
				CLANG_ENABLE_OBJC_ARC = YES;
				CLANG_ENABLE_OBJC_WEAK = YES;
				CLANG_WARN_BLOCK_CAPTURE_AUTORELEASING = YES;
				CLANG_WARN_BOOL_CONVERSION = YES;
				CLANG_WARN_COMMA = YES;
				CLANG_WARN_CONSTANT_CONVERSION = YES;
				CLANG_WARN_DEPRECATED_OBJC_IMPLEMENTATIONS = YES;
				CLANG_WARN_DIRECT_OBJC_ISA_USAGE = YES_ERROR;
				CLANG_WARN_DOCUMENTATION_COMMENTS = YES;
				CLANG_WARN_EMPTY_BODY = YES;
				CLANG_WARN_ENUM_CONVERSION = YES;
				CLANG_WARN_INFINITE_RECURSION = YES;
				CLANG_WARN_INT_CONVERSION = YES;
				CLANG_WARN_NON_LITERAL_NULL_CONVERSION = YES;
				CLANG_WARN_OBJC_IMPLICIT_RETAIN_SELF = YES;
				CLANG_WARN_OBJC_LITERAL_CONVERSION = YES;
				CLANG_WARN_OBJC_ROOT_CLASS = YES_ERROR;
				CLANG_WARN_QUOTED_INCLUDE_IN_FRAMEWORK_HEADER = YES;
				CLANG_WARN_RANGE_LOOP_ANALYSIS = YES;
				CLANG_WARN_STRICT_PROTOTYPES = YES;
				CLANG_WARN_SUSPICIOUS_MOVE = YES;
				CLANG_WARN_UNGUARDED_AVAILABILITY = YES_AGGRESSIVE;
				CLANG_WARN_UNREACHABLE_CODE = YES;
				CLANG_WARN__DUPLICATE_METHOD_MATCH = YES;
				COPY_PHASE_STRIP = NO;
				DEBUG_INFORMATION_FORMAT = "dwarf-with-dsym";
				ENABLE_NS_ASSERTIONS = NO;
				ENABLE_STRICT_OBJC_MSGSEND = YES;
				GCC_C_LANGUAGE_STANDARD = gnu11;
				GCC_NO_COMMON_BLOCKS = YES;
				GCC_WARN_64_TO_32_BIT_CONVERSION = YES;
				GCC_WARN_ABOUT_RETURN_TYPE = YES_ERROR;
				GCC_WARN_UNDECLARED_SELECTOR = YES;
				GCC_WARN_UNINITIALIZED_AUTOS = YES_AGGRESSIVE;
				GCC_WARN_UNUSED_FUNCTION = YES;
				GCC_WARN_UNUSED_VARIABLE = YES;
				IPHONEOS_DEPLOYMENT_TARGET = 15.5;
				MTL_ENABLE_DEBUG_INFO = NO;
				MTL_FAST_MATH = YES;
				SDKROOT = iphoneos;
				SWIFT_COMPILATION_MODE = wholemodule;
				SWIFT_OPTIMIZATION_LEVEL = "-O";
				VALIDATE_PRODUCT = YES;
			};
			name = Release;
		};
		BD597BF728A3F81900B6810D /* Debug */ = {
			isa = XCBuildConfiguration;
			buildSettings = {
				ASSETCATALOG_COMPILER_APPICON_NAME = AppIcon;
				ASSETCATALOG_COMPILER_GLOBAL_ACCENT_COLOR_NAME = AccentColor;
				CODE_SIGN_STYLE = Automatic;
				CURRENT_PROJECT_VERSION = 1;
				GENERATE_INFOPLIST_FILE = YES;
				INFOPLIST_FILE = Demo/Info.plist;
				INFOPLIST_KEY_UIApplicationSupportsIndirectInputEvents = YES;
				INFOPLIST_KEY_UILaunchStoryboardName = LaunchScreen;
				INFOPLIST_KEY_UIMainStoryboardFile = Main;
				INFOPLIST_KEY_UISupportedInterfaceOrientations_iPad = "UIInterfaceOrientationPortrait UIInterfaceOrientationPortraitUpsideDown UIInterfaceOrientationLandscapeLeft UIInterfaceOrientationLandscapeRight";
				INFOPLIST_KEY_UISupportedInterfaceOrientations_iPhone = "UIInterfaceOrientationPortrait UIInterfaceOrientationLandscapeLeft UIInterfaceOrientationLandscapeRight";
				LD_RUNPATH_SEARCH_PATHS = (
					"$(inherited)",
					"@executable_path/Frameworks",
				);
				MARKETING_VERSION = 1.0;
				PRODUCT_BUNDLE_IDENTIFIER = kwk.Demo;
				PRODUCT_NAME = "$(TARGET_NAME)";
				SWIFT_EMIT_LOC_STRINGS = YES;
				SWIFT_VERSION = 5.0;
				TARGETED_DEVICE_FAMILY = "1,2";
			};
			name = Debug;
		};
		BD597BF828A3F81900B6810D /* Release */ = {
			isa = XCBuildConfiguration;
			buildSettings = {
				ASSETCATALOG_COMPILER_APPICON_NAME = AppIcon;
				ASSETCATALOG_COMPILER_GLOBAL_ACCENT_COLOR_NAME = AccentColor;
				CODE_SIGN_STYLE = Automatic;
				CURRENT_PROJECT_VERSION = 1;
				GENERATE_INFOPLIST_FILE = YES;
				INFOPLIST_FILE = Demo/Info.plist;
				INFOPLIST_KEY_UIApplicationSupportsIndirectInputEvents = YES;
				INFOPLIST_KEY_UILaunchStoryboardName = LaunchScreen;
				INFOPLIST_KEY_UIMainStoryboardFile = Main;
				INFOPLIST_KEY_UISupportedInterfaceOrientations_iPad = "UIInterfaceOrientationPortrait UIInterfaceOrientationPortraitUpsideDown UIInterfaceOrientationLandscapeLeft UIInterfaceOrientationLandscapeRight";
				INFOPLIST_KEY_UISupportedInterfaceOrientations_iPhone = "UIInterfaceOrientationPortrait UIInterfaceOrientationLandscapeLeft UIInterfaceOrientationLandscapeRight";
				LD_RUNPATH_SEARCH_PATHS = (
					"$(inherited)",
					"@executable_path/Frameworks",
				);
				MARKETING_VERSION = 1.0;
				PRODUCT_BUNDLE_IDENTIFIER = kwk.Demo;
				PRODUCT_NAME = "$(TARGET_NAME)";
				SWIFT_EMIT_LOC_STRINGS = YES;
				SWIFT_VERSION = 5.0;
				TARGETED_DEVICE_FAMILY = "1,2";
			};
			name = Release;
		};
		BD597BFA28A3F81900B6810D /* Debug */ = {
			isa = XCBuildConfiguration;
			buildSettings = {
				ALWAYS_EMBED_SWIFT_STANDARD_LIBRARIES = YES;
				BUNDLE_LOADER = "$(TEST_HOST)";
				CODE_SIGN_STYLE = Automatic;
				CURRENT_PROJECT_VERSION = 1;
				GENERATE_INFOPLIST_FILE = YES;
				IPHONEOS_DEPLOYMENT_TARGET = 15.5;
				MARKETING_VERSION = 1.0;
				PRODUCT_BUNDLE_IDENTIFIER = kwk.DemoTests;
				PRODUCT_NAME = "$(TARGET_NAME)";
				SWIFT_EMIT_LOC_STRINGS = NO;
				SWIFT_VERSION = 5.0;
				TARGETED_DEVICE_FAMILY = "1,2";
				TEST_HOST = "$(BUILT_PRODUCTS_DIR)/Demo.app/Demo";
			};
			name = Debug;
		};
		BD597BFB28A3F81900B6810D /* Release */ = {
			isa = XCBuildConfiguration;
			buildSettings = {
				ALWAYS_EMBED_SWIFT_STANDARD_LIBRARIES = YES;
				BUNDLE_LOADER = "$(TEST_HOST)";
				CODE_SIGN_STYLE = Automatic;
				CURRENT_PROJECT_VERSION = 1;
				GENERATE_INFOPLIST_FILE = YES;
				IPHONEOS_DEPLOYMENT_TARGET = 15.5;
				MARKETING_VERSION = 1.0;
				PRODUCT_BUNDLE_IDENTIFIER = kwk.DemoTests;
				PRODUCT_NAME = "$(TARGET_NAME)";
				SWIFT_EMIT_LOC_STRINGS = NO;
				SWIFT_VERSION = 5.0;
				TARGETED_DEVICE_FAMILY = "1,2";
				TEST_HOST = "$(BUILT_PRODUCTS_DIR)/Demo.app/Demo";
			};
			name = Release;
		};
		BD597BFD28A3F81900B6810D /* Debug */ = {
			isa = XCBuildConfiguration;
			buildSettings = {
				ALWAYS_EMBED_SWIFT_STANDARD_LIBRARIES = YES;
				CODE_SIGN_STYLE = Automatic;
				CURRENT_PROJECT_VERSION = 1;
				GENERATE_INFOPLIST_FILE = YES;
				MARKETING_VERSION = 1.0;
				PRODUCT_BUNDLE_IDENTIFIER = kwk.DemoUITests;
				PRODUCT_NAME = "$(TARGET_NAME)";
				SWIFT_EMIT_LOC_STRINGS = NO;
				SWIFT_VERSION = 5.0;
				TARGETED_DEVICE_FAMILY = "1,2";
				TEST_TARGET_NAME = Demo;
			};
			name = Debug;
		};
		BD597BFE28A3F81900B6810D /* Release */ = {
			isa = XCBuildConfiguration;
			buildSettings = {
				ALWAYS_EMBED_SWIFT_STANDARD_LIBRARIES = YES;
				CODE_SIGN_STYLE = Automatic;
				CURRENT_PROJECT_VERSION = 1;
				GENERATE_INFOPLIST_FILE = YES;
				MARKETING_VERSION = 1.0;
				PRODUCT_BUNDLE_IDENTIFIER = kwk.DemoUITests;
				PRODUCT_NAME = "$(TARGET_NAME)";
				SWIFT_EMIT_LOC_STRINGS = NO;
				SWIFT_VERSION = 5.0;
				TARGETED_DEVICE_FAMILY = "1,2";
				TEST_TARGET_NAME = Demo;
			};
			name = Release;
		};
/* End XCBuildConfiguration section */

/* Begin XCConfigurationList section */
		BD597BC428A3F81700B6810D /* Build configuration list for PBXProject "Demo" */ = {
			isa = XCConfigurationList;
			buildConfigurations = (
				BD597BF428A3F81900B6810D /* Debug */,
				BD597BF528A3F81900B6810D /* Release */,
			);
			defaultConfigurationIsVisible = 0;
			defaultConfigurationName = Release;
		};
		BD597BF628A3F81900B6810D /* Build configuration list for PBXNativeTarget "Demo" */ = {
			isa = XCConfigurationList;
			buildConfigurations = (
				BD597BF728A3F81900B6810D /* Debug */,
				BD597BF828A3F81900B6810D /* Release */,
			);
			defaultConfigurationIsVisible = 0;
			defaultConfigurationName = Release;
		};
		BD597BF928A3F81900B6810D /* Build configuration list for PBXNativeTarget "DemoTests" */ = {
			isa = XCConfigurationList;
			buildConfigurations = (
				BD597BFA28A3F81900B6810D /* Debug */,
				BD597BFB28A3F81900B6810D /* Release */,
			);
			defaultConfigurationIsVisible = 0;
			defaultConfigurationName = Release;
		};
		BD597BFC28A3F81900B6810D /* Build configuration list for PBXNativeTarget "DemoUITests" */ = {
			isa = XCConfigurationList;
			buildConfigurations = (
				BD597BFD28A3F81900B6810D /* Debug */,
				BD597BFE28A3F81900B6810D /* Release */,
			);
			defaultConfigurationIsVisible = 0;
			defaultConfigurationName = Release;
		};
/* End XCConfigurationList section */

/* Begin XCVersionGroup section */
		BD597BD528A3F81700B6810D /* Demo.xcdatamodeld */ = {
			isa = XCVersionGroup;
			children = (
				BD597BD628A3F81700B6810D /* Demo.xcdatamodel */,
			);
			currentVersion = BD597BD628A3F81700B6810D /* Demo.xcdatamodel */;
			path = Demo.xcdatamodeld;
			sourceTree = "<group>";
			versionGroupType = wrapper.xcdatamodel;
		};
/* End XCVersionGroup section */
	};
	rootObject = BD597BC128A3F81700B6810D /* Project object */;
}
